// !$*UTF8*$!
{
	archiveVersion = 1;
	classes = {
	};
	objectVersion = 56;
	objects = {

/* Begin PBXBuildFile section */
		F93120302BB7FFD100ED4828 /* BudgetDetailsViewController.swift in Sources */ = {isa = PBXBuildFile; fileRef = F931202F2BB7FFD100ED4828 /* BudgetDetailsViewController.swift */; };
		F93120322BB81A1500ED4828 /* Double+Extensions.swift in Sources */ = {isa = PBXBuildFile; fileRef = F93120312BB81A1500ED4828 /* Double+Extensions.swift */; };
		F93120372BB97EF900ED4828 /* BudgetCategoryTableViewCell.swift in Sources */ = {isa = PBXBuildFile; fileRef = F93120362BB97EF900ED4828 /* BudgetCategoryTableViewCell.swift */; };
		F931203D2BB98ADF00ED4828 /* BudgetCategory+CoreDataClass.swift in Sources */ = {isa = PBXBuildFile; fileRef = F931203C2BB98ADF00ED4828 /* BudgetCategory+CoreDataClass.swift */; };
		F931203F2BB98CF500ED4828 /* NSSet+Extensions.swift in Sources */ = {isa = PBXBuildFile; fileRef = F931203E2BB98CF500ED4828 /* NSSet+Extensions.swift */; };
		F963DF932BA74C9400865E83 /* AppDelegate.swift in Sources */ = {isa = PBXBuildFile; fileRef = F963DF922BA74C9400865E83 /* AppDelegate.swift */; };
		F963DF952BA74C9400865E83 /* SceneDelegate.swift in Sources */ = {isa = PBXBuildFile; fileRef = F963DF942BA74C9400865E83 /* SceneDelegate.swift */; };
		F963DF972BA74C9400865E83 /* BudgetCategoriesTableViewController.swift in Sources */ = {isa = PBXBuildFile; fileRef = F963DF962BA74C9400865E83 /* BudgetCategoriesTableViewController.swift */; };
		F963DF9C2BA74C9500865E83 /* Assets.xcassets in Resources */ = {isa = PBXBuildFile; fileRef = F963DF9B2BA74C9500865E83 /* Assets.xcassets */; };
		F963DFAA2BA75B6400865E83 /* BudgetModel.xcdatamodeld in Sources */ = {isa = PBXBuildFile; fileRef = F963DFA82BA75B6400865E83 /* BudgetModel.xcdatamodeld */; };
		F963DFAC2BA7663000865E83 /* AddBudgetCategoryViewController.swift in Sources */ = {isa = PBXBuildFile; fileRef = F963DFAB2BA7663000865E83 /* AddBudgetCategoryViewController.swift */; };
		F9FB99D72BB034C900904593 /* String+Extensions.swift in Sources */ = {isa = PBXBuildFile; fileRef = F9FB99D62BB034C900904593 /* String+Extensions.swift */; };
/* End PBXBuildFile section */

/* Begin PBXFileReference section */
		F931202F2BB7FFD100ED4828 /* BudgetDetailsViewController.swift */ = {isa = PBXFileReference; lastKnownFileType = sourcecode.swift; path = BudgetDetailsViewController.swift; sourceTree = "<group>"; };
		F93120312BB81A1500ED4828 /* Double+Extensions.swift */ = {isa = PBXFileReference; lastKnownFileType = sourcecode.swift; path = "Double+Extensions.swift"; sourceTree = "<group>"; };
		F93120362BB97EF900ED4828 /* BudgetCategoryTableViewCell.swift */ = {isa = PBXFileReference; lastKnownFileType = sourcecode.swift; path = BudgetCategoryTableViewCell.swift; sourceTree = "<group>"; };
		F931203C2BB98ADF00ED4828 /* BudgetCategory+CoreDataClass.swift */ = {isa = PBXFileReference; lastKnownFileType = sourcecode.swift; path = "BudgetCategory+CoreDataClass.swift"; sourceTree = "<group>"; };
		F931203E2BB98CF500ED4828 /* NSSet+Extensions.swift */ = {isa = PBXFileReference; lastKnownFileType = sourcecode.swift; path = "NSSet+Extensions.swift"; sourceTree = "<group>"; };
		F963DF8F2BA74C9400865E83 /* BudgetApp.app */ = {isa = PBXFileReference; explicitFileType = wrapper.application; includeInIndex = 0; path = BudgetApp.app; sourceTree = BUILT_PRODUCTS_DIR; };
		F963DF922BA74C9400865E83 /* AppDelegate.swift */ = {isa = PBXFileReference; lastKnownFileType = sourcecode.swift; path = AppDelegate.swift; sourceTree = "<group>"; };
		F963DF942BA74C9400865E83 /* SceneDelegate.swift */ = {isa = PBXFileReference; lastKnownFileType = sourcecode.swift; path = SceneDelegate.swift; sourceTree = "<group>"; };
		F963DF962BA74C9400865E83 /* BudgetCategoriesTableViewController.swift */ = {isa = PBXFileReference; lastKnownFileType = sourcecode.swift; path = BudgetCategoriesTableViewController.swift; sourceTree = "<group>"; };
		F963DF9B2BA74C9500865E83 /* Assets.xcassets */ = {isa = PBXFileReference; lastKnownFileType = folder.assetcatalog; path = Assets.xcassets; sourceTree = "<group>"; };
		F963DFA02BA74C9500865E83 /* Info.plist */ = {isa = PBXFileReference; lastKnownFileType = text.plist.xml; path = Info.plist; sourceTree = "<group>"; };
		F963DFA92BA75B6400865E83 /* BudgetModel.xcdatamodel */ = {isa = PBXFileReference; lastKnownFileType = wrapper.xcdatamodel; path = BudgetModel.xcdatamodel; sourceTree = "<group>"; };
		F963DFAB2BA7663000865E83 /* AddBudgetCategoryViewController.swift */ = {isa = PBXFileReference; lastKnownFileType = sourcecode.swift; path = AddBudgetCategoryViewController.swift; sourceTree = "<group>"; };
		F9FB99D62BB034C900904593 /* String+Extensions.swift */ = {isa = PBXFileReference; lastKnownFileType = sourcecode.swift; path = "String+Extensions.swift"; sourceTree = "<group>"; };
/* End PBXFileReference section */

/* Begin PBXFrameworksBuildPhase section */
		F963DF8C2BA74C9400865E83 /* Frameworks */ = {
			isa = PBXFrameworksBuildPhase;
			buildActionMask = 2147483647;
			files = (
			);
			runOnlyForDeploymentPostprocessing = 0;
		};
/* End PBXFrameworksBuildPhase section */

/* Begin PBXGroup section */
		F93120332BB97EAB00ED4828 /* Controllers */ = {
			isa = PBXGroup;
			children = (
				F963DF962BA74C9400865E83 /* BudgetCategoriesTableViewController.swift */,
				F931202F2BB7FFD100ED4828 /* BudgetDetailsViewController.swift */,
				F963DFAB2BA7663000865E83 /* AddBudgetCategoryViewController.swift */,
			);
			path = Controllers;
			sourceTree = "<group>";
		};
		F93120342BB97EBB00ED4828 /* Extensions */ = {
			isa = PBXGroup;
			children = (
				F9FB99D62BB034C900904593 /* String+Extensions.swift */,
				F93120312BB81A1500ED4828 /* Double+Extensions.swift */,
				F931203E2BB98CF500ED4828 /* NSSet+Extensions.swift */,
			);
			path = Extensions;
			sourceTree = "<group>";
		};
		F93120352BB97ED000ED4828 /* Cells */ = {
			isa = PBXGroup;
			children = (
				F93120362BB97EF900ED4828 /* BudgetCategoryTableViewCell.swift */,
			);
			path = Cells;
			sourceTree = "<group>";
		};
		F93120382BB985B900ED4828 /* Models */ = {
			isa = PBXGroup;
			children = (
				F931203C2BB98ADF00ED4828 /* BudgetCategory+CoreDataClass.swift */,
			);
			path = Models;
			sourceTree = "<group>";
		};
		F963DF862BA74C9400865E83 = {
			isa = PBXGroup;
			children = (
				F963DF912BA74C9400865E83 /* BudgetApp */,
				F963DF902BA74C9400865E83 /* Products */,
			);
			sourceTree = "<group>";
		};
		F963DF902BA74C9400865E83 /* Products */ = {
			isa = PBXGroup;
			children = (
				F963DF8F2BA74C9400865E83 /* BudgetApp.app */,
			);
			name = Products;
			sourceTree = "<group>";
		};
		F963DF912BA74C9400865E83 /* BudgetApp */ = {
			isa = PBXGroup;
			children = (
				F93120382BB985B900ED4828 /* Models */,
				F93120352BB97ED000ED4828 /* Cells */,
				F93120342BB97EBB00ED4828 /* Extensions */,
				F93120332BB97EAB00ED4828 /* Controllers */,
				F963DF922BA74C9400865E83 /* AppDelegate.swift */,
				F963DF942BA74C9400865E83 /* SceneDelegate.swift */,
				F963DF9B2BA74C9500865E83 /* Assets.xcassets */,
				F963DFA02BA74C9500865E83 /* Info.plist */,
				F963DFA82BA75B6400865E83 /* BudgetModel.xcdatamodeld */,
			);
			path = BudgetApp;
			sourceTree = "<group>";
		};
/* End PBXGroup section */

/* Begin PBXNativeTarget section */
		F963DF8E2BA74C9400865E83 /* BudgetApp */ = {
			isa = PBXNativeTarget;
			buildConfigurationList = F963DFA32BA74C9500865E83 /* Build configuration list for PBXNativeTarget "BudgetApp" */;
			buildPhases = (
				F963DF8B2BA74C9400865E83 /* Sources */,
				F963DF8C2BA74C9400865E83 /* Frameworks */,
				F963DF8D2BA74C9400865E83 /* Resources */,
			);
			buildRules = (
			);
			dependencies = (
			);
			name = BudgetApp;
			productName = BudgetApp;
			productReference = F963DF8F2BA74C9400865E83 /* BudgetApp.app */;
			productType = "com.apple.product-type.application";
		};
/* End PBXNativeTarget section */

/* Begin PBXProject section */
		F963DF872BA74C9400865E83 /* Project object */ = {
			isa = PBXProject;
			attributes = {
				BuildIndependentTargetsInParallel = 1;
				LastSwiftUpdateCheck = 1530;
				LastUpgradeCheck = 1530;
				TargetAttributes = {
					F963DF8E2BA74C9400865E83 = {
						CreatedOnToolsVersion = 15.3;
					};
				};
			};
			buildConfigurationList = F963DF8A2BA74C9400865E83 /* Build configuration list for PBXProject "BudgetApp" */;
			compatibilityVersion = "Xcode 14.0";
			developmentRegion = en;
			hasScannedForEncodings = 0;
			knownRegions = (
				en,
				Base,
			);
			mainGroup = F963DF862BA74C9400865E83;
			productRefGroup = F963DF902BA74C9400865E83 /* Products */;
			projectDirPath = "";
			projectRoot = "";
			targets = (
				F963DF8E2BA74C9400865E83 /* BudgetApp */,
			);
		};
/* End PBXProject section */

/* Begin PBXResourcesBuildPhase section */
		F963DF8D2BA74C9400865E83 /* Resources */ = {
			isa = PBXResourcesBuildPhase;
			buildActionMask = 2147483647;
			files = (
				F963DF9C2BA74C9500865E83 /* Assets.xcassets in Resources */,
			);
			runOnlyForDeploymentPostprocessing = 0;
		};
/* End PBXResourcesBuildPhase section */

/* Begin PBXSourcesBuildPhase section */
		F963DF8B2BA74C9400865E83 /* Sources */ = {
			isa = PBXSourcesBuildPhase;
			buildActionMask = 2147483647;
			files = (
				F931203F2BB98CF500ED4828 /* NSSet+Extensions.swift in Sources */,
				F93120322BB81A1500ED4828 /* Double+Extensions.swift in Sources */,
				F963DFAA2BA75B6400865E83 /* BudgetModel.xcdatamodeld in Sources */,
				F963DF972BA74C9400865E83 /* BudgetCategoriesTableViewController.swift in Sources */,
				F963DF932BA74C9400865E83 /* AppDelegate.swift in Sources */,
				F931203D2BB98ADF00ED4828 /* BudgetCategory+CoreDataClass.swift in Sources */,
				F963DFAC2BA7663000865E83 /* AddBudgetCategoryViewController.swift in Sources */,
				F93120302BB7FFD100ED4828 /* BudgetDetailsViewController.swift in Sources */,
				F9FB99D72BB034C900904593 /* String+Extensions.swift in Sources */,
				F963DF952BA74C9400865E83 /* SceneDelegate.swift in Sources */,
				F93120372BB97EF900ED4828 /* BudgetCategoryTableViewCell.swift in Sources */,
			);
			runOnlyForDeploymentPostprocessing = 0;
		};
/* End PBXSourcesBuildPhase section */

/* Begin XCBuildConfiguration section */
		F963DFA12BA74C9500865E83 /* Debug */ = {
			isa = XCBuildConfiguration;
			buildSettings = {
				ALWAYS_SEARCH_USER_PATHS = NO;
				ASSETCATALOG_COMPILER_GENERATE_SWIFT_ASSET_SYMBOL_EXTENSIONS = YES;
				CLANG_ANALYZER_NONNULL = YES;
				CLANG_ANALYZER_NUMBER_OBJECT_CONVERSION = YES_AGGRESSIVE;
				CLANG_CXX_LANGUAGE_STANDARD = "gnu++20";
				CLANG_ENABLE_MODULES = YES;
				CLANG_ENABLE_OBJC_ARC = YES;
				CLANG_ENABLE_OBJC_WEAK = YES;
				CLANG_WARN_BLOCK_CAPTURE_AUTORELEASING = YES;
				CLANG_WARN_BOOL_CONVERSION = YES;
				CLANG_WARN_COMMA = YES;
				CLANG_WARN_CONSTANT_CONVERSION = YES;
				CLANG_WARN_DEPRECATED_OBJC_IMPLEMENTATIONS = YES;
				CLANG_WARN_DIRECT_OBJC_ISA_USAGE = YES_ERROR;
				CLANG_WARN_DOCUMENTATION_COMMENTS = YES;
				CLANG_WARN_EMPTY_BODY = YES;
				CLANG_WARN_ENUM_CONVERSION = YES;
				CLANG_WARN_INFINITE_RECURSION = YES;
				CLANG_WARN_INT_CONVERSION = YES;
				CLANG_WARN_NON_LITERAL_NULL_CONVERSION = YES;
				CLANG_WARN_OBJC_IMPLICIT_RETAIN_SELF = YES;
				CLANG_WARN_OBJC_LITERAL_CONVERSION = YES;
				CLANG_WARN_OBJC_ROOT_CLASS = YES_ERROR;
				CLANG_WARN_QUOTED_INCLUDE_IN_FRAMEWORK_HEADER = YES;
				CLANG_WARN_RANGE_LOOP_ANALYSIS = YES;
				CLANG_WARN_STRICT_PROTOTYPES = YES;
				CLANG_WARN_SUSPICIOUS_MOVE = YES;
				CLANG_WARN_UNGUARDED_AVAILABILITY = YES_AGGRESSIVE;
				CLANG_WARN_UNREACHABLE_CODE = YES;
				CLANG_WARN__DUPLICATE_METHOD_MATCH = YES;
				COPY_PHASE_STRIP = NO;
				DEBUG_INFORMATION_FORMAT = dwarf;
				ENABLE_STRICT_OBJC_MSGSEND = YES;
				ENABLE_TESTABILITY = YES;
				ENABLE_USER_SCRIPT_SANDBOXING = YES;
				GCC_C_LANGUAGE_STANDARD = gnu17;
				GCC_DYNAMIC_NO_PIC = NO;
				GCC_NO_COMMON_BLOCKS = YES;
				GCC_OPTIMIZATION_LEVEL = 0;
				GCC_PREPROCESSOR_DEFINITIONS = (
					"DEBUG=1",
					"$(inherited)",
				);
				GCC_WARN_64_TO_32_BIT_CONVERSION = YES;
				GCC_WARN_ABOUT_RETURN_TYPE = YES_ERROR;
				GCC_WARN_UNDECLARED_SELECTOR = YES;
				GCC_WARN_UNINITIALIZED_AUTOS = YES_AGGRESSIVE;
				GCC_WARN_UNUSED_FUNCTION = YES;
				GCC_WARN_UNUSED_VARIABLE = YES;
				IPHONEOS_DEPLOYMENT_TARGET = 17.4;
				LOCALIZATION_PREFERS_STRING_CATALOGS = YES;
				MTL_ENABLE_DEBUG_INFO = INCLUDE_SOURCE;
				MTL_FAST_MATH = YES;
				ONLY_ACTIVE_ARCH = YES;
				SDKROOT = iphoneos;
				SWIFT_ACTIVE_COMPILATION_CONDITIONS = "DEBUG $(inherited)";
				SWIFT_OPTIMIZATION_LEVEL = "-Onone";
			};
			name = Debug;
		};
		F963DFA22BA74C9500865E83 /* Release */ = {
			isa = XCBuildConfiguration;
			buildSettings = {
				ALWAYS_SEARCH_USER_PATHS = NO;
				ASSETCATALOG_COMPILER_GENERATE_SWIFT_ASSET_SYMBOL_EXTENSIONS = YES;
				CLANG_ANALYZER_NONNULL = YES;
				CLANG_ANALYZER_NUMBER_OBJECT_CONVERSION = YES_AGGRESSIVE;
				CLANG_CXX_LANGUAGE_STANDARD = "gnu++20";
				CLANG_ENABLE_MODULES = YES;
				CLANG_ENABLE_OBJC_ARC = YES;
				CLANG_ENABLE_OBJC_WEAK = YES;
				CLANG_WARN_BLOCK_CAPTURE_AUTORELEASING = YES;
				CLANG_WARN_BOOL_CONVERSION = YES;
				CLANG_WARN_COMMA = YES;
				CLANG_WARN_CONSTANT_CONVERSION = YES;
				CLANG_WARN_DEPRECATED_OBJC_IMPLEMENTATIONS = YES;
				CLANG_WARN_DIRECT_OBJC_ISA_USAGE = YES_ERROR;
				CLANG_WARN_DOCUMENTATION_COMMENTS = YES;
				CLANG_WARN_EMPTY_BODY = YES;
				CLANG_WARN_ENUM_CONVERSION = YES;
				CLANG_WARN_INFINITE_RECURSION = YES;
				CLANG_WARN_INT_CONVERSION = YES;
				CLANG_WARN_NON_LITERAL_NULL_CONVERSION = YES;
				CLANG_WARN_OBJC_IMPLICIT_RETAIN_SELF = YES;
				CLANG_WARN_OBJC_LITERAL_CONVERSION = YES;
				CLANG_WARN_OBJC_ROOT_CLASS = YES_ERROR;
				CLANG_WARN_QUOTED_INCLUDE_IN_FRAMEWORK_HEADER = YES;
				CLANG_WARN_RANGE_LOOP_ANALYSIS = YES;
				CLANG_WARN_STRICT_PROTOTYPES = YES;
				CLANG_WARN_SUSPICIOUS_MOVE = YES;
				CLANG_WARN_UNGUARDED_AVAILABILITY = YES_AGGRESSIVE;
				CLANG_WARN_UNREACHABLE_CODE = YES;
				CLANG_WARN__DUPLICATE_METHOD_MATCH = YES;
				COPY_PHASE_STRIP = NO;
				DEBUG_INFORMATION_FORMAT = "dwarf-with-dsym";
				ENABLE_NS_ASSERTIONS = NO;
				ENABLE_STRICT_OBJC_MSGSEND = YES;
				ENABLE_USER_SCRIPT_SANDBOXING = YES;
				GCC_C_LANGUAGE_STANDARD = gnu17;
				GCC_NO_COMMON_BLOCKS = YES;
				GCC_WARN_64_TO_32_BIT_CONVERSION = YES;
				GCC_WARN_ABOUT_RETURN_TYPE = YES_ERROR;
				GCC_WARN_UNDECLARED_SELECTOR = YES;
				GCC_WARN_UNINITIALIZED_AUTOS = YES_AGGRESSIVE;
				GCC_WARN_UNUSED_FUNCTION = YES;
				GCC_WARN_UNUSED_VARIABLE = YES;
				IPHONEOS_DEPLOYMENT_TARGET = 17.4;
				LOCALIZATION_PREFERS_STRING_CATALOGS = YES;
				MTL_ENABLE_DEBUG_INFO = NO;
				MTL_FAST_MATH = YES;
				SDKROOT = iphoneos;
				SWIFT_COMPILATION_MODE = wholemodule;
				VALIDATE_PRODUCT = YES;
			};
			name = Release;
		};
		F963DFA42BA74C9500865E83 /* Debug */ = {
			isa = XCBuildConfiguration;
			buildSettings = {
				ASSETCATALOG_COMPILER_APPICON_NAME = AppIcon;
				ASSETCATALOG_COMPILER_GLOBAL_ACCENT_COLOR_NAME = AccentColor;
				CODE_SIGN_STYLE = Automatic;
				CURRENT_PROJECT_VERSION = 1;
				DEVELOPMENT_TEAM = 5S4264CXAJ;
				GENERATE_INFOPLIST_FILE = YES;
				INFOPLIST_FILE = BudgetApp/Info.plist;
				INFOPLIST_KEY_UIApplicationSupportsIndirectInputEvents = YES;
				INFOPLIST_KEY_UILaunchStoryboardName = LaunchScreen;
				INFOPLIST_KEY_UISupportedInterfaceOrientations_iPad = "UIInterfaceOrientationPortrait UIInterfaceOrientationPortraitUpsideDown UIInterfaceOrientationLandscapeLeft UIInterfaceOrientationLandscapeRight";
				INFOPLIST_KEY_UISupportedInterfaceOrientations_iPhone = "UIInterfaceOrientationPortrait UIInterfaceOrientationLandscapeLeft UIInterfaceOrientationLandscapeRight";
				IPHONEOS_DEPLOYMENT_TARGET = 15.0;
				LD_RUNPATH_SEARCH_PATHS = (
					"$(inherited)",
					"@executable_path/Frameworks",
				);
				MARKETING_VERSION = 1.0;
				PRODUCT_BUNDLE_IDENTIFIER = com.example..BudgetApp;
				PRODUCT_NAME = "$(TARGET_NAME)";
				SWIFT_EMIT_LOC_STRINGS = YES;
				SWIFT_VERSION = 5.0;
				TARGETED_DEVICE_FAMILY = "1,2";
			};
			name = Debug;
		};
		F963DFA52BA74C9500865E83 /* Release */ = {
			isa = XCBuildConfiguration;
			buildSettings = {
				ASSETCATALOG_COMPILER_APPICON_NAME = AppIcon;
				ASSETCATALOG_COMPILER_GLOBAL_ACCENT_COLOR_NAME = AccentColor;
				CODE_SIGN_STYLE = Automatic;
				CURRENT_PROJECT_VERSION = 1;
				DEVELOPMENT_TEAM = 5S4264CXAJ;
				GENERATE_INFOPLIST_FILE = YES;
				INFOPLIST_FILE = BudgetApp/Info.plist;
				INFOPLIST_KEY_UIApplicationSupportsIndirectInputEvents = YES;
				INFOPLIST_KEY_UILaunchStoryboardName = LaunchScreen;
				INFOPLIST_KEY_UISupportedInterfaceOrientations_iPad = "UIInterfaceOrientationPortrait UIInterfaceOrientationPortraitUpsideDown UIInterfaceOrientationLandscapeLeft UIInterfaceOrientationLandscapeRight";
				INFOPLIST_KEY_UISupportedInterfaceOrientations_iPhone = "UIInterfaceOrientationPortrait UIInterfaceOrientationLandscapeLeft UIInterfaceOrientationLandscapeRight";
				IPHONEOS_DEPLOYMENT_TARGET = 15.0;
				LD_RUNPATH_SEARCH_PATHS = (
					"$(inherited)",
					"@executable_path/Frameworks",
				);
				MARKETING_VERSION = 1.0;
				PRODUCT_BUNDLE_IDENTIFIER = com.example..BudgetApp;
				PRODUCT_NAME = "$(TARGET_NAME)";
				SWIFT_EMIT_LOC_STRINGS = YES;
				SWIFT_VERSION = 5.0;
				TARGETED_DEVICE_FAMILY = "1,2";
			};
			name = Release;
		};
/* End XCBuildConfiguration section */

/* Begin XCConfigurationList section */
		F963DF8A2BA74C9400865E83 /* Build configuration list for PBXProject "BudgetApp" */ = {
			isa = XCConfigurationList;
			buildConfigurations = (
				F963DFA12BA74C9500865E83 /* Debug */,
				F963DFA22BA74C9500865E83 /* Release */,
			);
			defaultConfigurationIsVisible = 0;
			defaultConfigurationName = Release;
		};
		F963DFA32BA74C9500865E83 /* Build configuration list for PBXNativeTarget "BudgetApp" */ = {
			isa = XCConfigurationList;
			buildConfigurations = (
				F963DFA42BA74C9500865E83 /* Debug */,
				F963DFA52BA74C9500865E83 /* Release */,
			);
			defaultConfigurationIsVisible = 0;
			defaultConfigurationName = Release;
		};
/* End XCConfigurationList section */

/* Begin XCVersionGroup section */
		F963DFA82BA75B6400865E83 /* BudgetModel.xcdatamodeld */ = {
			isa = XCVersionGroup;
			children = (
				F963DFA92BA75B6400865E83 /* BudgetModel.xcdatamodel */,
			);
			currentVersion = F963DFA92BA75B6400865E83 /* BudgetModel.xcdatamodel */;
			name = BudgetModel.xcdatamodeld;
			path = /Users/piyushpandey/Documents/BudgetApp/BudgetApp/BudgetModel.xcdatamodeld;
			sourceTree = "<group>";
			versionGroupType = wrapper.xcdatamodel;
		};
/* End XCVersionGroup section */
	};
	rootObject = F963DF872BA74C9400865E83 /* Project object */;
}
